
Microsoft Visual Studio Solution File, Format Version 12.00
# Visual Studio Version 16
VisualStudioVersion = 16.0.31515.178
MinimumVisualStudioVersion = 10.0.40219.1
Project("{9A19103F-16F7-4668-BE54-9A1E7A4F7556}") = "QMUL.DiabetesBackend.Controllers", "src\api\QMUL.DiabetesBackend.Controllers\QMUL.DiabetesBackend.Controllers.csproj", "{33741820-EF05-4C64-827B-6013480930D8}"
EndProject
Project("{2150E333-8FDC-42A3-9474-1A3956D46DE8}") = "src", "src", "{D793EBE0-6B1F-4E7E-BA99-30FAE42055FE}"
EndProject
Project("{2150E333-8FDC-42A3-9474-1A3956D46DE8}") = "api-docs", "api-docs", "{62F37995-0617-44D1-A609-CA0E20831A81}"
	ProjectSection(SolutionItems) = preProject
		api-docs\carePlan.json = api-docs\carePlan.json
		api-docs\medication.json = api-docs\medication.json
		api-docs\medicationRequest-oral.json = api-docs\medicationRequest-oral.json
		api-docs\medicationRequest.json = api-docs\medicationRequest.json
		api-docs\patient.json = api-docs\patient.json
		api-docs\serviceRequest.json = api-docs\serviceRequest.json
		api-docs\swagger.yaml = api-docs\swagger.yaml
		api-docs\timingDaily.json = api-docs\timingDaily.json
		api-docs\timingOther.json = api-docs\timingOther.json
		api-docs\observation.json = api-docs\observation.json
	EndProjectSection
EndProject
Project("{9A19103F-16F7-4668-BE54-9A1E7A4F7556}") = "QMUL.DiabetesBackend.Model", "src\core\QMUL.DiabetesBackend.Model\QMUL.DiabetesBackend.Model.csproj", "{21513D3A-7E7D-4AA3-9F54-E91B23CBD19C}"
EndProject
Project("{9A19103F-16F7-4668-BE54-9A1E7A4F7556}") = "QMUL.DiabetesBackend.ServiceInterfaces", "src\core\service\QMUL.DiabetesBackend.ServiceInterfaces\QMUL.DiabetesBackend.ServiceInterfaces.csproj", "{B2D6EC04-3C34-4FB7-B441-483D72481861}"
EndProject
Project("{2150E333-8FDC-42A3-9474-1A3956D46DE8}") = "api", "api", "{1127884B-0430-4CB4-83FC-AC0E562A3D74}"
EndProject
Project("{2150E333-8FDC-42A3-9474-1A3956D46DE8}") = "core", "core", "{0D53E1E1-5854-4061-AEF2-5C9EEAD95091}"
EndProject
Project("{2150E333-8FDC-42A3-9474-1A3956D46DE8}") = "data", "data", "{EAD4DE48-A301-46FE-ACA5-F5FAFF2C2D77}"
EndProject
Project("{9A19103F-16F7-4668-BE54-9A1E7A4F7556}") = "QMUL.DiabetesBackend.Service", "src\core\service\QMUL.DiabetesBackend.Service\QMUL.DiabetesBackend.Service.csproj", "{3EC47315-091C-4843-8DB3-748898CB66CF}"
EndProject
Project("{9A19103F-16F7-4668-BE54-9A1E7A4F7556}") = "QMUL.DiabetesBackend.DataInterfaces", "src\data\QMUL.DiabetesBackend.DataInterfaces\QMUL.DiabetesBackend.DataInterfaces.csproj", "{194EAA1E-F28C-472F-8557-16AED3E8E2FB}"
EndProject
Project("{9A19103F-16F7-4668-BE54-9A1E7A4F7556}") = "QMUL.DiabetesBackend.MongoDb", "src\data\QMUL.DiabetesBackend.MongoDb\QMUL.DiabetesBackend.MongoDb.csproj", "{B57C5744-9B39-4CE8-BECA-D195039969F0}"
EndProject
Project("{2150E333-8FDC-42A3-9474-1A3956D46DE8}") = "test", "test", "{3723FF2D-06A0-41AC-B6ED-4D0B49B3C7BC}"
EndProject
Project("{2150E333-8FDC-42A3-9474-1A3956D46DE8}") = "core", "core", "{83BD7429-F05E-42EC-8F4C-6C03388BD35D}"
EndProject
Project("{FAE04EC0-301F-11D3-BF4B-00C04F79EFBC}") = "QMUL.DiabetesBackend.Service.Tests", "test\core\QMUL.DiabetesBackend.Service.Tests\QMUL.DiabetesBackend.Service.Tests.csproj", "{725B549D-8509-4DCD-A843-061F3C9537EE}"
EndProject
Project("{2150E333-8FDC-42A3-9474-1A3956D46DE8}") = "api", "api", "{584D014C-B66E-4434-B5F8-EC9E96ED4FBC}"
EndProject
Project("{FAE04EC0-301F-11D3-BF4B-00C04F79EFBC}") = "QMUL.DiabetesBackend.Controllers.Tests", "test\api\QMUL.DiabetesBackend.Controllers.Tests\QMUL.DiabetesBackend.Controllers.Tests.csproj", "{9E90735C-91D2-44AA-8045-C6E2C0D4CD71}"
EndProject
Project("{2150E333-8FDC-42A3-9474-1A3956D46DE8}") = "data", "data", "{55811FA2-1F40-45EB-A10C-6A50E23D2499}"
EndProject
Project("{FAE04EC0-301F-11D3-BF4B-00C04F79EFBC}") = "QMUL.DiabetesBackend.MongoDb.Tests", "test\data\QMUL.DiabetesBackend.MongoDb.Tests\QMUL.DiabetesBackend.MongoDb.Tests.csproj", "{BBCC2D6C-E9B8-467B-8B80-6995068AC7AF}"
EndProject
Project("{2150E333-8FDC-42A3-9474-1A3956D46DE8}") = "build", "build", "{75B87AE7-29A9-43CF-8A1D-1B10D429C6A9}"
	ProjectSection(SolutionItems) = preProject
		.github\workflows\net-ci.yml = .github\workflows\net-ci.yml
	EndProjectSection
EndProject
Global
	GlobalSection(SolutionConfigurationPlatforms) = preSolution
		Debug|Any CPU = Debug|Any CPU
		Release|Any CPU = Release|Any CPU
	EndGlobalSection
	GlobalSection(ProjectConfigurationPlatforms) = postSolution
		{33741820-EF05-4C64-827B-6013480930D8}.Debug|Any CPU.ActiveCfg = Debug|Any CPU
		{33741820-EF05-4C64-827B-6013480930D8}.Debug|Any CPU.Build.0 = Debug|Any CPU
		{33741820-EF05-4C64-827B-6013480930D8}.Release|Any CPU.ActiveCfg = Release|Any CPU
		{33741820-EF05-4C64-827B-6013480930D8}.Release|Any CPU.Build.0 = Release|Any CPU
		{21513D3A-7E7D-4AA3-9F54-E91B23CBD19C}.Debug|Any CPU.ActiveCfg = Debug|Any CPU
		{21513D3A-7E7D-4AA3-9F54-E91B23CBD19C}.Debug|Any CPU.Build.0 = Debug|Any CPU
		{21513D3A-7E7D-4AA3-9F54-E91B23CBD19C}.Release|Any CPU.ActiveCfg = Release|Any CPU
		{21513D3A-7E7D-4AA3-9F54-E91B23CBD19C}.Release|Any CPU.Build.0 = Release|Any CPU
		{B2D6EC04-3C34-4FB7-B441-483D72481861}.Debug|Any CPU.ActiveCfg = Debug|Any CPU
		{B2D6EC04-3C34-4FB7-B441-483D72481861}.Debug|Any CPU.Build.0 = Debug|Any CPU
		{B2D6EC04-3C34-4FB7-B441-483D72481861}.Release|Any CPU.ActiveCfg = Release|Any CPU
		{B2D6EC04-3C34-4FB7-B441-483D72481861}.Release|Any CPU.Build.0 = Release|Any CPU
		{3EC47315-091C-4843-8DB3-748898CB66CF}.Debug|Any CPU.ActiveCfg = Debug|Any CPU
		{3EC47315-091C-4843-8DB3-748898CB66CF}.Debug|Any CPU.Build.0 = Debug|Any CPU
		{3EC47315-091C-4843-8DB3-748898CB66CF}.Release|Any CPU.ActiveCfg = Release|Any CPU
		{3EC47315-091C-4843-8DB3-748898CB66CF}.Release|Any CPU.Build.0 = Release|Any CPU
		{194EAA1E-F28C-472F-8557-16AED3E8E2FB}.Debug|Any CPU.ActiveCfg = Debug|Any CPU
		{194EAA1E-F28C-472F-8557-16AED3E8E2FB}.Debug|Any CPU.Build.0 = Debug|Any CPU
		{194EAA1E-F28C-472F-8557-16AED3E8E2FB}.Release|Any CPU.ActiveCfg = Release|Any CPU
		{194EAA1E-F28C-472F-8557-16AED3E8E2FB}.Release|Any CPU.Build.0 = Release|Any CPU
		{B57C5744-9B39-4CE8-BECA-D195039969F0}.Debug|Any CPU.ActiveCfg = Debug|Any CPU
		{B57C5744-9B39-4CE8-BECA-D195039969F0}.Debug|Any CPU.Build.0 = Debug|Any CPU
		{B57C5744-9B39-4CE8-BECA-D195039969F0}.Release|Any CPU.ActiveCfg = Release|Any CPU
		{B57C5744-9B39-4CE8-BECA-D195039969F0}.Release|Any CPU.Build.0 = Release|Any CPU
		{725B549D-8509-4DCD-A843-061F3C9537EE}.Debug|Any CPU.ActiveCfg = Debug|Any CPU
		{725B549D-8509-4DCD-A843-061F3C9537EE}.Debug|Any CPU.Build.0 = Debug|Any CPU
		{725B549D-8509-4DCD-A843-061F3C9537EE}.Release|Any CPU.ActiveCfg = Release|Any CPU
		{725B549D-8509-4DCD-A843-061F3C9537EE}.Release|Any CPU.Build.0 = Release|Any CPU
		{9E90735C-91D2-44AA-8045-C6E2C0D4CD71}.Debug|Any CPU.ActiveCfg = Debug|Any CPU
		{9E90735C-91D2-44AA-8045-C6E2C0D4CD71}.Debug|Any CPU.Build.0 = Debug|Any CPU
		{9E90735C-91D2-44AA-8045-C6E2C0D4CD71}.Release|Any CPU.ActiveCfg = Release|Any CPU
		{9E90735C-91D2-44AA-8045-C6E2C0D4CD71}.Release|Any CPU.Build.0 = Release|Any CPU
		{BBCC2D6C-E9B8-467B-8B80-6995068AC7AF}.Debug|Any CPU.ActiveCfg = Debug|Any CPU
		{BBCC2D6C-E9B8-467B-8B80-6995068AC7AF}.Debug|Any CPU.Build.0 = Debug|Any CPU
		{BBCC2D6C-E9B8-467B-8B80-6995068AC7AF}.Release|Any CPU.ActiveCfg = Release|Any CPU
		{BBCC2D6C-E9B8-467B-8B80-6995068AC7AF}.Release|Any CPU.Build.0 = Release|Any CPU
	EndGlobalSection
	GlobalSection(SolutionProperties) = preSolution
		HideSolutionNode = FALSE
	EndGlobalSection
	GlobalSection(NestedProjects) = preSolution
		{33741820-EF05-4C64-827B-6013480930D8} = {1127884B-0430-4CB4-83FC-AC0E562A3D74}
		{B2D6EC04-3C34-4FB7-B441-483D72481861} = {0D53E1E1-5854-4061-AEF2-5C9EEAD95091}
		{1127884B-0430-4CB4-83FC-AC0E562A3D74} = {D793EBE0-6B1F-4E7E-BA99-30FAE42055FE}
		{0D53E1E1-5854-4061-AEF2-5C9EEAD95091} = {D793EBE0-6B1F-4E7E-BA99-30FAE42055FE}
		{EAD4DE48-A301-46FE-ACA5-F5FAFF2C2D77} = {D793EBE0-6B1F-4E7E-BA99-30FAE42055FE}
		{3EC47315-091C-4843-8DB3-748898CB66CF} = {0D53E1E1-5854-4061-AEF2-5C9EEAD95091}
		{194EAA1E-F28C-472F-8557-16AED3E8E2FB} = {EAD4DE48-A301-46FE-ACA5-F5FAFF2C2D77}
		{B57C5744-9B39-4CE8-BECA-D195039969F0} = {EAD4DE48-A301-46FE-ACA5-F5FAFF2C2D77}
		{21513D3A-7E7D-4AA3-9F54-E91B23CBD19C} = {0D53E1E1-5854-4061-AEF2-5C9EEAD95091}
		{83BD7429-F05E-42EC-8F4C-6C03388BD35D} = {3723FF2D-06A0-41AC-B6ED-4D0B49B3C7BC}
		{725B549D-8509-4DCD-A843-061F3C9537EE} = {83BD7429-F05E-42EC-8F4C-6C03388BD35D}
		{584D014C-B66E-4434-B5F8-EC9E96ED4FBC} = {3723FF2D-06A0-41AC-B6ED-4D0B49B3C7BC}
		{9E90735C-91D2-44AA-8045-C6E2C0D4CD71} = {584D014C-B66E-4434-B5F8-EC9E96ED4FBC}
		{55811FA2-1F40-45EB-A10C-6A50E23D2499} = {3723FF2D-06A0-41AC-B6ED-4D0B49B3C7BC}
		{BBCC2D6C-E9B8-467B-8B80-6995068AC7AF} = {55811FA2-1F40-45EB-A10C-6A50E23D2499}
	EndGlobalSection
	GlobalSection(ExtensibilityGlobals) = postSolution
		SolutionGuid = {AFB29E41-36A7-4D62-BDF0-63DC00B1E467}
	EndGlobalSection
EndGlobal
