
Microsoft Visual Studio Solution File, Format Version 12.00
Project("{FAE04EC0-301F-11D3-BF4B-00C04F79EFBC}") = "src\QMUL.DiabetesBackend.Api", "src\QMUL.DiabetesBackend.Api\QMUL.DiabetesBackend.Api.csproj", "{33741820-EF05-4C64-827B-6013480930D8}"
EndProject
Project("{2150E333-8FDC-42A3-9474-1A3956D46DE8}") = "src", "src", "{D793EBE0-6B1F-4E7E-BA99-30FAE42055FE}"
EndProject
Project("{2150E333-8FDC-42A3-9474-1A3956D46DE8}") = "api", "api", "{62F37995-0617-44D1-A609-CA0E20831A81}"
ProjectSection(SolutionItems) = preProject
	api\swagger.yaml = api\swagger.yaml
	api\medication.json = api\medication.json
	api\patient.json = api\patient.json
	api\patientTreatmentDossage.json = api\patientTreatmentDossage.json
EndProjectSection
EndProject
Global
	GlobalSection(SolutionConfigurationPlatforms) = preSolution
		Debug|Any CPU = Debug|Any CPU
		Release|Any CPU = Release|Any CPU
	EndGlobalSection
	GlobalSection(ProjectConfigurationPlatforms) = postSolution
		{33741820-EF05-4C64-827B-6013480930D8}.Debug|Any CPU.ActiveCfg = Debug|Any CPU
		{33741820-EF05-4C64-827B-6013480930D8}.Debug|Any CPU.Build.0 = Debug|Any CPU
		{33741820-EF05-4C64-827B-6013480930D8}.Release|Any CPU.ActiveCfg = Release|Any CPU
		{33741820-EF05-4C64-827B-6013480930D8}.Release|Any CPU.Build.0 = Release|Any CPU
	EndGlobalSection
	GlobalSection(NestedProjects) = preSolution
		{33741820-EF05-4C64-827B-6013480930D8} = {D793EBE0-6B1F-4E7E-BA99-30FAE42055FE}
	EndGlobalSection
EndGlobal
