
Microsoft Visual Studio Solution File, Format Version 12.00
Project("{FAE04EC0-301F-11D3-BF4B-00C04F79EFBC}") = "QMUL.DiabetesBackend.Controllers", "src\QMUL.DiabetesBackend.Controllers\QMUL.DiabetesBackend.Controllers.csproj", "{33741820-EF05-4C64-827B-6013480930D8}"
EndProject
Project("{2150E333-8FDC-42A3-9474-1A3956D46DE8}") = "src", "src", "{D793EBE0-6B1F-4E7E-BA99-30FAE42055FE}"
EndProject
Project("{2150E333-8FDC-42A3-9474-1A3956D46DE8}") = "api", "api", "{62F37995-0617-44D1-A609-CA0E20831A81}"
ProjectSection(SolutionItems) = preProject
	api\swagger.yaml = api\swagger.yaml
	api\medication.json = api\medication.json
	api\patient.json = api\patient.json
	api\patientTreatmentDossage.json = api\patientTreatmentDossage.json
EndProjectSection
EndProject
Project("{FAE04EC0-301F-11D3-BF4B-00C04F79EFBC}") = "QMUL.DiabetesBackend.Model", "src\QMUL.DiabetesBackend.Model\QMUL.DiabetesBackend.Model.csproj", "{21513D3A-7E7D-4AA3-9F54-E91B23CBD19C}"
EndProject
Project("{FAE04EC0-301F-11D3-BF4B-00C04F79EFBC}") = "QMUL.DiabetesBackend.ServiceInterfaces", "src\QMUL.DiabetesBackend.ServiceInterfaces\QMUL.DiabetesBackend.ServiceInterfaces.csproj", "{B2D6EC04-3C34-4FB7-B441-483D72481861}"
EndProject
Project("{2150E333-8FDC-42A3-9474-1A3956D46DE8}") = "api", "api", "{1127884B-0430-4CB4-83FC-AC0E562A3D74}"
EndProject
Project("{2150E333-8FDC-42A3-9474-1A3956D46DE8}") = "service", "service", "{0D53E1E1-5854-4061-AEF2-5C9EEAD95091}"
EndProject
Project("{2150E333-8FDC-42A3-9474-1A3956D46DE8}") = "data", "data", "{EAD4DE48-A301-46FE-ACA5-F5FAFF2C2D77}"
EndProject
Project("{FAE04EC0-301F-11D3-BF4B-00C04F79EFBC}") = "QMUL.DiabetesBackend.ServiceImpl", "src\QMUL.DiabetesBackend.ServiceImpl\QMUL.DiabetesBackend.ServiceImpl.csproj", "{3EC47315-091C-4843-8DB3-748898CB66CF}"
EndProject
Project("{FAE04EC0-301F-11D3-BF4B-00C04F79EFBC}") = "QMUL.DiabetesBackend.DataInterfaces", "src\QMUL.DiabetesBackend.DataInterfaces\QMUL.DiabetesBackend.DataInterfaces.csproj", "{194EAA1E-F28C-472F-8557-16AED3E8E2FB}"
EndProject
Global
	GlobalSection(SolutionConfigurationPlatforms) = preSolution
		Debug|Any CPU = Debug|Any CPU
		Release|Any CPU = Release|Any CPU
	EndGlobalSection
	GlobalSection(ProjectConfigurationPlatforms) = postSolution
		{33741820-EF05-4C64-827B-6013480930D8}.Debug|Any CPU.ActiveCfg = Debug|Any CPU
		{33741820-EF05-4C64-827B-6013480930D8}.Debug|Any CPU.Build.0 = Debug|Any CPU
		{33741820-EF05-4C64-827B-6013480930D8}.Release|Any CPU.ActiveCfg = Release|Any CPU
		{33741820-EF05-4C64-827B-6013480930D8}.Release|Any CPU.Build.0 = Release|Any CPU
		{21513D3A-7E7D-4AA3-9F54-E91B23CBD19C}.Debug|Any CPU.ActiveCfg = Debug|Any CPU
		{21513D3A-7E7D-4AA3-9F54-E91B23CBD19C}.Debug|Any CPU.Build.0 = Debug|Any CPU
		{21513D3A-7E7D-4AA3-9F54-E91B23CBD19C}.Release|Any CPU.ActiveCfg = Release|Any CPU
		{21513D3A-7E7D-4AA3-9F54-E91B23CBD19C}.Release|Any CPU.Build.0 = Release|Any CPU
		{B2D6EC04-3C34-4FB7-B441-483D72481861}.Debug|Any CPU.ActiveCfg = Debug|Any CPU
		{B2D6EC04-3C34-4FB7-B441-483D72481861}.Debug|Any CPU.Build.0 = Debug|Any CPU
		{B2D6EC04-3C34-4FB7-B441-483D72481861}.Release|Any CPU.ActiveCfg = Release|Any CPU
		{B2D6EC04-3C34-4FB7-B441-483D72481861}.Release|Any CPU.Build.0 = Release|Any CPU
		{3EC47315-091C-4843-8DB3-748898CB66CF}.Debug|Any CPU.ActiveCfg = Debug|Any CPU
		{3EC47315-091C-4843-8DB3-748898CB66CF}.Debug|Any CPU.Build.0 = Debug|Any CPU
		{3EC47315-091C-4843-8DB3-748898CB66CF}.Release|Any CPU.ActiveCfg = Release|Any CPU
		{3EC47315-091C-4843-8DB3-748898CB66CF}.Release|Any CPU.Build.0 = Release|Any CPU
		{194EAA1E-F28C-472F-8557-16AED3E8E2FB}.Debug|Any CPU.ActiveCfg = Debug|Any CPU
		{194EAA1E-F28C-472F-8557-16AED3E8E2FB}.Debug|Any CPU.Build.0 = Debug|Any CPU
		{194EAA1E-F28C-472F-8557-16AED3E8E2FB}.Release|Any CPU.ActiveCfg = Release|Any CPU
		{194EAA1E-F28C-472F-8557-16AED3E8E2FB}.Release|Any CPU.Build.0 = Release|Any CPU
	EndGlobalSection
	GlobalSection(NestedProjects) = preSolution
		{21513D3A-7E7D-4AA3-9F54-E91B23CBD19C} = {D793EBE0-6B1F-4E7E-BA99-30FAE42055FE}
		{1127884B-0430-4CB4-83FC-AC0E562A3D74} = {D793EBE0-6B1F-4E7E-BA99-30FAE42055FE}
		{33741820-EF05-4C64-827B-6013480930D8} = {1127884B-0430-4CB4-83FC-AC0E562A3D74}
		{0D53E1E1-5854-4061-AEF2-5C9EEAD95091} = {D793EBE0-6B1F-4E7E-BA99-30FAE42055FE}
		{EAD4DE48-A301-46FE-ACA5-F5FAFF2C2D77} = {D793EBE0-6B1F-4E7E-BA99-30FAE42055FE}
		{B2D6EC04-3C34-4FB7-B441-483D72481861} = {0D53E1E1-5854-4061-AEF2-5C9EEAD95091}
		{3EC47315-091C-4843-8DB3-748898CB66CF} = {0D53E1E1-5854-4061-AEF2-5C9EEAD95091}
		{194EAA1E-F28C-472F-8557-16AED3E8E2FB} = {EAD4DE48-A301-46FE-ACA5-F5FAFF2C2D77}
	EndGlobalSection
EndGlobal
